
Microsoft Visual Studio Solution File, Format Version 12.00
# Visual Studio Version 17
VisualStudioVersion = 17.14.36623.8 d17.14
MinimumVisualStudioVersion = 10.0.40219.1
Project("{FAE04EC0-301F-11D3-BF4B-00C04F79EFBC}") = "LCID", "LCID\LCID.csproj", "{7B0E0C5E-6304-4A49-B103-D32AB0ECD5C0}"
EndProject
Global
	GlobalSection(SolutionConfigurationPlatforms) = preSolution
		Debug|Any CPU = Debug|Any CPU
		Release|Any CPU = Release|Any CPU
	EndGlobalSection
	GlobalSection(ProjectConfigurationPlatforms) = postSolution
		{7B0E0C5E-6304-4A49-B103-D32AB0ECD5C0}.Debug|Any CPU.ActiveCfg = Debug|Any CPU
		{7B0E0C5E-6304-4A49-B103-D32AB0ECD5C0}.Debug|Any CPU.Build.0 = Debug|Any CPU
		{7B0E0C5E-6304-4A49-B103-D32AB0ECD5C0}.Release|Any CPU.ActiveCfg = Release|Any CPU
		{7B0E0C5E-6304-4A49-B103-D32AB0ECD5C0}.Release|Any CPU.Build.0 = Release|Any CPU
	EndGlobalSection
	GlobalSection(SolutionProperties) = preSolution
		HideSolutionNode = FALSE
	EndGlobalSection
	GlobalSection(ExtensibilityGlobals) = postSolution
		SolutionGuid = {64D744F4-E871-4E47-B16A-598261EDFD98}
	EndGlobalSection
EndGlobal
